
Microsoft Visual Studio Solution File, Format Version 12.00
# Visual Studio Version 16
VisualStudioVersion = 16.0.31829.152
MinimumVisualStudioVersion = 10.0.40219.1
Project("{FAE04EC0-301F-11D3-BF4B-00C04F79EFBC}") = "lesson4", "lesson4\lesson4.csproj", "{4AF13955-0F6B-43C8-A6AF-0DF4AE8F193E}"
EndProject
Global
	GlobalSection(SolutionConfigurationPlatforms) = preSolution
		Debug|Any CPU = Debug|Any CPU
		Release|Any CPU = Release|Any CPU
	EndGlobalSection
	GlobalSection(ProjectConfigurationPlatforms) = postSolution
		{4AF13955-0F6B-43C8-A6AF-0DF4AE8F193E}.Debug|Any CPU.ActiveCfg = Debug|Any CPU
		{4AF13955-0F6B-43C8-A6AF-0DF4AE8F193E}.Debug|Any CPU.Build.0 = Debug|Any CPU
		{4AF13955-0F6B-43C8-A6AF-0DF4AE8F193E}.Release|Any CPU.ActiveCfg = Release|Any CPU
		{4AF13955-0F6B-43C8-A6AF-0DF4AE8F193E}.Release|Any CPU.Build.0 = Release|Any CPU
	EndGlobalSection
	GlobalSection(SolutionProperties) = preSolution
		HideSolutionNode = FALSE
	EndGlobalSection
	GlobalSection(ExtensibilityGlobals) = postSolution
		SolutionGuid = {7D1504E5-FAAB-471E-B374-69FCB643CE7B}
	EndGlobalSection
EndGlobal
