
Microsoft Visual Studio Solution File, Format Version 12.00
# Visual Studio Version 16
VisualStudioVersion = 16.0.32002.261
MinimumVisualStudioVersion = 10.0.40219.1
Project("{FAE04EC0-301F-11D3-BF4B-00C04F79EFBC}") = "ConsoleApp1", "ConsoleApp1\ConsoleApp1.csproj", "{231406B7-CBE0-49C3-86D7-5E2BF4DD033E}"
EndProject
Global
	GlobalSection(SolutionConfigurationPlatforms) = preSolution
		Debug|Any CPU = Debug|Any CPU
		Release|Any CPU = Release|Any CPU
	EndGlobalSection
	GlobalSection(ProjectConfigurationPlatforms) = postSolution
		{231406B7-CBE0-49C3-86D7-5E2BF4DD033E}.Debug|Any CPU.ActiveCfg = Debug|Any CPU
		{231406B7-CBE0-49C3-86D7-5E2BF4DD033E}.Debug|Any CPU.Build.0 = Debug|Any CPU
		{231406B7-CBE0-49C3-86D7-5E2BF4DD033E}.Release|Any CPU.ActiveCfg = Release|Any CPU
		{231406B7-CBE0-49C3-86D7-5E2BF4DD033E}.Release|Any CPU.Build.0 = Release|Any CPU
	EndGlobalSection
	GlobalSection(SolutionProperties) = preSolution
		HideSolutionNode = FALSE
	EndGlobalSection
	GlobalSection(ExtensibilityGlobals) = postSolution
		SolutionGuid = {0FF45DB4-2510-44C3-9D3F-B112DA692D01}
	EndGlobalSection
EndGlobal
